
Microsoft Visual Studio Solution File, Format Version 12.00
# Visual Studio Version 17
VisualStudioVersion = 17.11.35327.3
MinimumVisualStudioVersion = 10.0.40219.1
Project("{FAE04EC0-301F-11D3-BF4B-00C04F79EFBC}") = "ОАИП лаба 3", "ОАИП лаба 3\ОАИП лаба 3.csproj", "{5619CDF1-4CCF-47A4-802C-4765008718EB}"
EndProject
Global
	GlobalSection(SolutionConfigurationPlatforms) = preSolution
		Debug|Any CPU = Debug|Any CPU
		Release|Any CPU = Release|Any CPU
	EndGlobalSection
	GlobalSection(ProjectConfigurationPlatforms) = postSolution
		{5619CDF1-4CCF-47A4-802C-4765008718EB}.Debug|Any CPU.ActiveCfg = Debug|Any CPU
		{5619CDF1-4CCF-47A4-802C-4765008718EB}.Debug|Any CPU.Build.0 = Debug|Any CPU
		{5619CDF1-4CCF-47A4-802C-4765008718EB}.Release|Any CPU.ActiveCfg = Release|Any CPU
		{5619CDF1-4CCF-47A4-802C-4765008718EB}.Release|Any CPU.Build.0 = Release|Any CPU
	EndGlobalSection
	GlobalSection(SolutionProperties) = preSolution
		HideSolutionNode = FALSE
	EndGlobalSection
	GlobalSection(ExtensibilityGlobals) = postSolution
		SolutionGuid = {AF81D742-781A-4F25-A494-A01EA44566A2}
	EndGlobalSection
EndGlobal
